
Microsoft Visual Studio Solution File, Format Version 12.00
# Visual Studio Version 17
VisualStudioVersion = 17.12.35514.174 d17.12
MinimumVisualStudioVersion = 10.0.40219.1
Project("{FAE04EC0-301F-11D3-BF4B-00C04F79EFBC}") = "Task1", "Task1\Task1.csproj", "{387EF744-733B-4F38-905F-5B8C815CEBAA}"
EndProject
Global
	GlobalSection(SolutionConfigurationPlatforms) = preSolution
		Debug|Any CPU = Debug|Any CPU
		Release|Any CPU = Release|Any CPU
	EndGlobalSection
	GlobalSection(ProjectConfigurationPlatforms) = postSolution
		{387EF744-733B-4F38-905F-5B8C815CEBAA}.Debug|Any CPU.ActiveCfg = Debug|Any CPU
		{387EF744-733B-4F38-905F-5B8C815CEBAA}.Debug|Any CPU.Build.0 = Debug|Any CPU
		{387EF744-733B-4F38-905F-5B8C815CEBAA}.Release|Any CPU.ActiveCfg = Release|Any CPU
		{387EF744-733B-4F38-905F-5B8C815CEBAA}.Release|Any CPU.Build.0 = Release|Any CPU
	EndGlobalSection
	GlobalSection(SolutionProperties) = preSolution
		HideSolutionNode = FALSE
	EndGlobalSection
EndGlobal
